
Microsoft Visual Studio Solution File, Format Version 12.00
# Visual Studio Version 16
VisualStudioVersion = 16.0.31605.320
MinimumVisualStudioVersion = 10.0.40219.1
Project("{FAE04EC0-301F-11D3-BF4B-00C04F79EFBC}") = "Gerk.LinqExtensions", "Gerk.LinqExtensions\Gerk.LinqExtensions.csproj", "{FAE1EE8D-3293-4536-BD97-920BFC31094F}"
EndProject
Project("{2150E333-8FDC-42A3-9474-1A3956D46DE8}") = "Solution Items", "Solution Items", "{47A87145-15B9-4155-9B2B-F07176BD43CA}"
	ProjectSection(SolutionItems) = preProject
		.gitignore = .gitignore
	EndProjectSection
EndProject
Global
	GlobalSection(SolutionConfigurationPlatforms) = preSolution
		Debug|Any CPU = Debug|Any CPU
		Release|Any CPU = Release|Any CPU
	EndGlobalSection
	GlobalSection(ProjectConfigurationPlatforms) = postSolution
		{FAE1EE8D-3293-4536-BD97-920BFC31094F}.Debug|Any CPU.ActiveCfg = Debug|Any CPU
		{FAE1EE8D-3293-4536-BD97-920BFC31094F}.Debug|Any CPU.Build.0 = Debug|Any CPU
		{FAE1EE8D-3293-4536-BD97-920BFC31094F}.Release|Any CPU.ActiveCfg = Release|Any CPU
		{FAE1EE8D-3293-4536-BD97-920BFC31094F}.Release|Any CPU.Build.0 = Release|Any CPU
	EndGlobalSection
	GlobalSection(SolutionProperties) = preSolution
		HideSolutionNode = FALSE
	EndGlobalSection
	GlobalSection(ExtensibilityGlobals) = postSolution
		SolutionGuid = {7312A208-DB98-49A7-90D5-B35FCE459BA9}
	EndGlobalSection
EndGlobal
